PODS:
  - 1PasswordExtension (1.8.5)
  - AcknowList (1.7)
  - Alamofire (4.7.3)
  - AlamofireImage (3.4.1):
    - Alamofire (~> 4.7)
  - AlamofireObjectMapper (5.1.0):
    - Alamofire (~> 4.1)
    - ObjectMapper (~> 3.3)
  - Amplitude-iOS (4.3.1)
  - Analytics (3.6.9)
  - Crashlytics (3.10.9):
    - Fabric (~> 1.7.13)
  - Differentiator (3.1.0)
  - Fabric (1.7.13)
  - FirebaseAnalytics (3.9.0):
    - FirebaseCore (~> 3.6)
    - FirebaseInstanceID (~> 1.0)
    - "GoogleToolboxForMac/NSData+zlib (~> 2.1)"
  - FirebaseCore (3.6.0):
    - "GoogleToolboxForMac/NSData+zlib (~> 2.1)"
  - FirebaseInstanceID (1.0.10):
    - FirebaseCore (~> 3.6)
  - Google/Analytics (3.1.0):
    - Google/Core
    - GoogleAnalytics (~> 3.12)
  - Google/Core (3.1.0):
    - FirebaseAnalytics (~> 3.2)
  - GoogleAnalytics (3.17.0)
  - GoogleToolboxForMac/Defines (2.1.4)
  - "GoogleToolboxForMac/NSData+zlib (2.1.4)":
    - GoogleToolboxForMac/Defines (= 2.1.4)
  - Instabug (8.0.15)
  - ObjectMapper (3.3.0)
  - "ObjectMapper+Realm (0.6)":
    - ObjectMapper
    - RealmSwift
  - ReachabilitySwift (4.3.0)
  - Realm (3.11.0):
    - Realm/Headers (= 3.11.0)
  - Realm/Headers (3.11.0)
  - RealmSwift (3.11.0):
    - Realm (= 3.11.0)
  - RxAlamofire (4.3.0):
    - RxAlamofire/Core (= 4.3.0)
  - RxAlamofire/Core (4.3.0):
    - Alamofire (~> 4.5)
    - RxSwift (~> 4)
  - RxCocoa (4.3.1):
    - RxSwift (~> 4.0)
  - RxDataSources (3.1.0):
    - Differentiator (~> 3.0)
    - RxCocoa (~> 4.0)
    - RxSwift (~> 4.0)
  - RxRealm (0.7.5):
    - RealmSwift (~> 3.0)
    - RxSwift (~> 4.0)
  - RxSwift (4.3.1)
  - Segment-Amplitude (2.0.0):
    - Amplitude-iOS (~> 4.0)
    - Analytics (~> 3.6)
  - Spring (1.0.6)
  - Stripe (13.2.0)
  - SwiftKeychainWrapper (3.0.1)
  - SwiftLint (0.27.0)
  - UrbanAirship-iOS-SDK (10.0.1)
  - ZDCChat (1.4.0):
    - ZDCChat/API (= 1.4.0)
    - ZDCChat/Localization (= 1.4.0)
    - ZDCChat/UI (= 1.4.0)
  - ZDCChat/API (1.4.0)
  - ZDCChat/Localization (1.4.0)
  - ZDCChat/UI (1.4.0):
    - ZDCChat/API

DEPENDENCIES:
  - 1PasswordExtension
  - AcknowList
  - Alamofire
  - AlamofireImage
  - AlamofireObjectMapper (~> 5.0)
  - Analytics
  - Crashlytics
  - Fabric
  - Google/Analytics
  - Instabug
  - "ObjectMapper+Realm"
  - ReachabilitySwift
  - RealmSwift
  - RxAlamofire
  - RxCocoa
  - RxDataSources
  - RxRealm
  - Segment-Amplitude
  - Spring (from `https://github.com/MengTo/Spring.git`)
  - Stripe
  - SwiftKeychainWrapper
  - SwiftLint
  - UrbanAirship-iOS-SDK
  - ZDCChat

SPEC REPOS:
  https://github.com/cocoapods/specs.git:
    - 1PasswordExtension
    - AcknowList
    - Alamofire
    - AlamofireImage
    - AlamofireObjectMapper
    - Amplitude-iOS
    - Analytics
    - Crashlytics
    - Differentiator
    - Fabric
    - FirebaseAnalytics
    - FirebaseCore
    - FirebaseInstanceID
    - Google
    - GoogleAnalytics
    - GoogleToolboxForMac
    - Instabug
    - ObjectMapper
    - "ObjectMapper+Realm"
    - ReachabilitySwift
    - Realm
    - RealmSwift
    - RxAlamofire
    - RxCocoa
    - RxDataSources
    - RxRealm
    - RxSwift
    - Segment-Amplitude
    - Stripe
    - SwiftKeychainWrapper
    - SwiftLint
    - UrbanAirship-iOS-SDK
    - ZDCChat

EXTERNAL SOURCES:
  Spring:
    :git: https://github.com/MengTo/Spring.git

CHECKOUT OPTIONS:
  Spring:
    :commit: fafd0b2e8d4d46405bd86fa7ba84bb7f73a20b13
    :git: https://github.com/MengTo/Spring.git

SPEC CHECKSUMS:
  1PasswordExtension: 0e95bdea64ec8ff2f4f693be5467a09fac42a83d
  AcknowList: 286185b24c2c2df63a2bb4137f853e4384b4358b
  Alamofire: c7287b6e5d7da964a70935e5db17046b7fde6568
  AlamofireImage: 78d67ccbb763d87ba44b21583d2153500a195630
  AlamofireObjectMapper: 3395e698901d8b0e6f48b7d0c43bd47875325102
  Amplitude-iOS: df355e2be58972041acde9576a2ae97c217bf941
  Analytics: 6541ce337e99d9f7a2240a8b3953940a7be5f998
  Crashlytics: 55e24fc23989680285a21cb1146578d9d18e432c
  Differentiator: be49ca3408f0ecfc761e4c7763d20c62be01b9ad
  Fabric: 25d0963b691fc97be566392243ff0ecef5a68338
  FirebaseAnalytics: e5fe8486efc01bec33f6bf82e2fa9fce4b124052
  FirebaseCore: 9691ee2ade70c098d7cf92440f4303f16d83ca75
  FirebaseInstanceID: b9eedd6846fb5e1f0f7279e1deaa7a7e4cf8392e
  Google: 98da4b1a60ed0beb80a290387a28333406a1eb90
  GoogleAnalytics: f42cc53a87a51fe94334821868d9c8481ff47a7b
  GoogleToolboxForMac: 91c824d21e85b31c2aae9bb011c5027c9b4e738f
  Instabug: 1f26cca29ec1fc49ba7dffbc5533734c14f8c28d
  ObjectMapper: b612bf8c8e99c4dc0bb6013a51f7c27966ed5da9
  "ObjectMapper+Realm": 4cf44ed3202a73f08594e21e13eb3f8aa9b5a664
  ReachabilitySwift: 408477d1b6ed9779dba301953171e017c31241f3
  Realm: 92f09a102692b96a9a10e9617f214f15c5ab85fc
  RealmSwift: 5f0481cd658bb751c509314b964a35eaa264d2cf
  RxAlamofire: 09624d0f2d48ed8b686e4eb4cf68e28cbd2df556
  RxCocoa: 78763c7b07d02455598d9fc3c1ad091a28b73635
  RxDataSources: a843bad90c29817f5923ec8163f4af2de084ceb3
  RxRealm: a6c6c0a07cb61f34209969ca6657734edfdfff30
  RxSwift: fe0fd770a43acdb7d0a53da411c9b892e69bb6e4
  Segment-Amplitude: bef43d0ec5c2986fe50c1e534e3d4db0171867f4
  Spring: 3d113f14575ef79aec9c5f906dfa4f5001c03254
  Stripe: 2c69e216061d54d9c538204bb4f58bd597ddfc5b
  SwiftKeychainWrapper: 38952a3636320ae61bad3513cadd870929de7a4a
  SwiftLint: 3207c1faa2240bf8973b191820a116113cd11073
  UrbanAirship-iOS-SDK: f3f16fb21f0b39fb5fe9bd20e5c31bfb7fe21ef5
  ZDCChat: 1def9764647bb81cf71aebd9df38aa4024c52d12

PODFILE CHECKSUM: 719451e2d28f73712c24b8eb191ef6d35fac0e2c

COCOAPODS: 1.5.3
