// !$*UTF8*$!
{
	archiveVersion = 1;
	classes = {
	};
	objectVersion = 50;
	objects = {

/* Begin PBXBuildFile section */
		DDE5DA252180FB6B00B65AFA /* AppDelegate.swift in Sources */ = {isa = PBXBuildFile; fileRef = DDE5DA242180FB6B00B65AFA /* AppDelegate.swift */; };
		DDE5DA272180FB6B00B65AFA /* ViewController.swift in Sources */ = {isa = PBXBuildFile; fileRef = DDE5DA262180FB6B00B65AFA /* ViewController.swift */; };
		DDE5DA2A2180FB6B00B65AFA /* Main.storyboard in Resources */ = {isa = PBXBuildFile; fileRef = DDE5DA282180FB6B00B65AFA /* Main.storyboard */; };
		DDE5DA2C2180FB6C00B65AFA /* Assets.xcassets in Resources */ = {isa = PBXBuildFile; fileRef = DDE5DA2B2180FB6C00B65AFA /* Assets.xcassets */; };
		DDE5DA2F2180FB6C00B65AFA /* LaunchScreen.storyboard in Resources */ = {isa = PBXBuildFile; fileRef = DDE5DA2D2180FB6C00B65AFA /* LaunchScreen.storyboard */; };
		DDE5DA3A2180FB6D00B65AFA /* iOSTestTests.swift in Sources */ = {isa = PBXBuildFile; fileRef = DDE5DA392180FB6D00B65AFA /* iOSTestTests.swift */; };
/* End PBXBuildFile section */

/* Begin PBXContainerItemProxy section */
		DDE5DA362180FB6D00B65AFA /* PBXContainerItemProxy */ = {
			isa = PBXContainerItemProxy;
			containerPortal = DDE5DA192180FB6B00B65AFA /* Project object */;
			proxyType = 1;
			remoteGlobalIDString = DDE5DA202180FB6B00B65AFA;
			remoteInfo = iOSTest;
		};
/* End PBXContainerItemProxy section */

/* Begin PBXFileReference section */
		DDE5DA212180FB6B00B65AFA /* iOSTest.app */ = {isa = PBXFileReference; explicitFileType = wrapper.application; includeInIndex = 0; path = iOSTest.app; sourceTree = BUILT_PRODUCTS_DIR; };
		DDE5DA242180FB6B00B65AFA /* AppDelegate.swift */ = {isa = PBXFileReference; lastKnownFileType = sourcecode.swift; path = AppDelegate.swift; sourceTree = "<group>"; };
		DDE5DA262180FB6B00B65AFA /* ViewController.swift */ = {isa = PBXFileReference; lastKnownFileType = sourcecode.swift; path = ViewController.swift; sourceTree = "<group>"; };
		DDE5DA292180FB6B00B65AFA /* Base */ = {isa = PBXFileReference; lastKnownFileType = file.storyboard; name = Base; path = Base.lproj/Main.storyboard; sourceTree = "<group>"; };
		DDE5DA2B2180FB6C00B65AFA /* Assets.xcassets */ = {isa = PBXFileReference; lastKnownFileType = folder.assetcatalog; path = Assets.xcassets; sourceTree = "<group>"; };
		DDE5DA2E2180FB6C00B65AFA /* Base */ = {isa = PBXFileReference; lastKnownFileType = file.storyboard; name = Base; path = Base.lproj/LaunchScreen.storyboard; sourceTree = "<group>"; };
		DDE5DA302180FB6C00B65AFA /* Info.plist */ = {isa = PBXFileReference; lastKnownFileType = text.plist.xml; path = Info.plist; sourceTree = "<group>"; };
		DDE5DA352180FB6D00B65AFA /* iOSTestTests.xctest */ = {isa = PBXFileReference; explicitFileType = wrapper.cfbundle; includeInIndex = 0; path = iOSTestTests.xctest; sourceTree = BUILT_PRODUCTS_DIR; };
		DDE5DA392180FB6D00B65AFA /* iOSTestTests.swift */ = {isa = PBXFileReference; lastKnownFileType = sourcecode.swift; path = iOSTestTests.swift; sourceTree = "<group>"; };
		DDE5DA3B2180FB6D00B65AFA /* Info.plist */ = {isa = PBXFileReference; lastKnownFileType = text.plist.xml; path = Info.plist; sourceTree = "<group>"; };
/* End PBXFileReference section */

/* Begin PBXFrameworksBuildPhase section */
		DDE5DA1E2180FB6B00B65AFA /* Frameworks */ = {
			isa = PBXFrameworksBuildPhase;
			buildActionMask = 2147483647;
			files = (
			);
			runOnlyForDeploymentPostprocessing = 0;
		};
		DDE5DA322180FB6D00B65AFA /* Frameworks */ = {
			isa = PBXFrameworksBuildPhase;
			buildActionMask = 2147483647;
			files = (
			);
			runOnlyForDeploymentPostprocessing = 0;
		};
/* End PBXFrameworksBuildPhase section */

/* Begin PBXGroup section */
		DDE5DA182180FB6B00B65AFA = {
			isa = PBXGroup;
			children = (
				DDE5DA232180FB6B00B65AFA /* iOSTest */,
				DDE5DA382180FB6D00B65AFA /* iOSTestTests */,
				DDE5DA222180FB6B00B65AFA /* Products */,
			);
			sourceTree = "<group>";
		};
		DDE5DA222180FB6B00B65AFA /* Products */ = {
			isa = PBXGroup;
			children = (
				DDE5DA212180FB6B00B65AFA /* iOSTest.app */,
				DDE5DA352180FB6D00B65AFA /* iOSTestTests.xctest */,
			);
			name = Products;
			sourceTree = "<group>";
		};
		DDE5DA232180FB6B00B65AFA /* iOSTest */ = {
			isa = PBXGroup;
			children = (
				DDE5DA242180FB6B00B65AFA /* AppDelegate.swift */,
				DDE5DA262180FB6B00B65AFA /* ViewController.swift */,
				DDE5DA282180FB6B00B65AFA /* Main.storyboard */,
				DDE5DA2B2180FB6C00B65AFA /* Assets.xcassets */,
				DDE5DA2D2180FB6C00B65AFA /* LaunchScreen.storyboard */,
				DDE5DA302180FB6C00B65AFA /* Info.plist */,
			);
			path = iOSTest;
			sourceTree = "<group>";
		};
		DDE5DA382180FB6D00B65AFA /* iOSTestTests */ = {
			isa = PBXGroup;
			children = (
				DDE5DA392180FB6D00B65AFA /* iOSTestTests.swift */,
				DDE5DA3B2180FB6D00B65AFA /* Info.plist */,
			);
			path = iOSTestTests;
			sourceTree = "<group>";
		};
/* End PBXGroup section */

/* Begin PBXNativeTarget section */
		DDE5DA202180FB6B00B65AFA /* iOSTest */ = {
			isa = PBXNativeTarget;
			buildConfigurationList = DDE5DA3E2180FB6D00B65AFA /* Build configuration list for PBXNativeTarget "iOSTest" */;
			buildPhases = (
				DDE5DA1D2180FB6B00B65AFA /* Sources */,
				DDE5DA1E2180FB6B00B65AFA /* Frameworks */,
				DDE5DA1F2180FB6B00B65AFA /* Resources */,
			);
			buildRules = (
			);
			dependencies = (
			);
			name = iOSTest;
			productName = iOSTest;
			productReference = DDE5DA212180FB6B00B65AFA /* iOSTest.app */;
			productType = "com.apple.product-type.application";
		};
		DDE5DA342180FB6D00B65AFA /* iOSTestTests */ = {
			isa = PBXNativeTarget;
			buildConfigurationList = DDE5DA412180FB6D00B65AFA /* Build configuration list for PBXNativeTarget "iOSTestTests" */;
			buildPhases = (
				DDE5DA312180FB6D00B65AFA /* Sources */,
				DDE5DA322180FB6D00B65AFA /* Frameworks */,
				DDE5DA332180FB6D00B65AFA /* Resources */,
			);
			buildRules = (
			);
			dependencies = (
				DDE5DA372180FB6D00B65AFA /* PBXTargetDependency */,
			);
			name = iOSTestTests;
			productName = iOSTestTests;
			productReference = DDE5DA352180FB6D00B65AFA /* iOSTestTests.xctest */;
			productType = "com.apple.product-type.bundle.unit-test";
		};
/* End PBXNativeTarget section */

/* Begin PBXProject section */
		DDE5DA192180FB6B00B65AFA /* Project object */ = {
			isa = PBXProject;
			attributes = {
				LastSwiftUpdateCheck = 1000;
				LastUpgradeCheck = 1000;
				ORGANIZATIONNAME = "Vadim Komisarchik";
				TargetAttributes = {
					DDE5DA202180FB6B00B65AFA = {
						CreatedOnToolsVersion = 10.0;
					};
					DDE5DA342180FB6D00B65AFA = {
						CreatedOnToolsVersion = 10.0;
						TestTargetID = DDE5DA202180FB6B00B65AFA;
					};
				};
			};
			buildConfigurationList = DDE5DA1C2180FB6B00B65AFA /* Build configuration list for PBXProject "iOSTest" */;
			compatibilityVersion = "Xcode 9.3";
			developmentRegion = en;
			hasScannedForEncodings = 0;
			knownRegions = (
				en,
				Base,
			);
			mainGroup = DDE5DA182180FB6B00B65AFA;
			productRefGroup = DDE5DA222180FB6B00B65AFA /* Products */;
			projectDirPath = "";
			projectRoot = "";
			targets = (
				DDE5DA202180FB6B00B65AFA /* iOSTest */,
				DDE5DA342180FB6D00B65AFA /* iOSTestTests */,
			);
		};
/* End PBXProject section */

/* Begin PBXResourcesBuildPhase section */
		DDE5DA1F2180FB6B00B65AFA /* Resources */ = {
			isa = PBXResourcesBuildPhase;
			buildActionMask = 2147483647;
			files = (
				DDE5DA2F2180FB6C00B65AFA /* LaunchScreen.storyboard in Resources */,
				DDE5DA2C2180FB6C00B65AFA /* Assets.xcassets in Resources */,
				DDE5DA2A2180FB6B00B65AFA /* Main.storyboard in Resources */,
			);
			runOnlyForDeploymentPostprocessing = 0;
		};
		DDE5DA332180FB6D00B65AFA /* Resources */ = {
			isa = PBXResourcesBuildPhase;
			buildActionMask = 2147483647;
			files = (
			);
			runOnlyForDeploymentPostprocessing = 0;
		};
/* End PBXResourcesBuildPhase section */

/* Begin PBXSourcesBuildPhase section */
		DDE5DA1D2180FB6B00B65AFA /* Sources */ = {
			isa = PBXSourcesBuildPhase;
			buildActionMask = 2147483647;
			files = (
				DDE5DA272180FB6B00B65AFA /* ViewController.swift in Sources */,
				DDE5DA252180FB6B00B65AFA /* AppDelegate.swift in Sources */,
			);
			runOnlyForDeploymentPostprocessing = 0;
		};
		DDE5DA312180FB6D00B65AFA /* Sources */ = {
			isa = PBXSourcesBuildPhase;
			buildActionMask = 2147483647;
			files = (
				DDE5DA3A2180FB6D00B65AFA /* iOSTestTests.swift in Sources */,
			);
			runOnlyForDeploymentPostprocessing = 0;
		};
/* End PBXSourcesBuildPhase section */

/* Begin PBXTargetDependency section */
		DDE5DA372180FB6D00B65AFA /* PBXTargetDependency */ = {
			isa = PBXTargetDependency;
			target = DDE5DA202180FB6B00B65AFA /* iOSTest */;
			targetProxy = DDE5DA362180FB6D00B65AFA /* PBXContainerItemProxy */;
		};
/* End PBXTargetDependency section */

/* Begin PBXVariantGroup section */
		DDE5DA282180FB6B00B65AFA /* Main.storyboard */ = {
			isa = PBXVariantGroup;
			children = (
				DDE5DA292180FB6B00B65AFA /* Base */,
			);
			name = Main.storyboard;
			sourceTree = "<group>";
		};
		DDE5DA2D2180FB6C00B65AFA /* LaunchScreen.storyboard */ = {
			isa = PBXVariantGroup;
			children = (
				DDE5DA2E2180FB6C00B65AFA /* Base */,
			);
			name = LaunchScreen.storyboard;
			sourceTree = "<group>";
		};
/* End PBXVariantGroup section */

/* Begin XCBuildConfiguration section */
		DDE5DA3C2180FB6D00B65AFA /* Debug */ = {
			isa = XCBuildConfiguration;
			buildSettings = {
				ALWAYS_SEARCH_USER_PATHS = NO;
				CLANG_ANALYZER_NONNULL = YES;
				CLANG_ANALYZER_NUMBER_OBJECT_CONVERSION = YES_AGGRESSIVE;
				CLANG_CXX_LANGUAGE_STANDARD = "gnu++14";
				CLANG_CXX_LIBRARY = "libc++";
				CLANG_ENABLE_MODULES = YES;
				CLANG_ENABLE_OBJC_ARC = YES;
				CLANG_ENABLE_OBJC_WEAK = YES;
				CLANG_WARN_BLOCK_CAPTURE_AUTORELEASING = YES;
				CLANG_WARN_BOOL_CONVERSION = YES;
				CLANG_WARN_COMMA = YES;
				CLANG_WARN_CONSTANT_CONVERSION = YES;
				CLANG_WARN_DEPRECATED_OBJC_IMPLEMENTATIONS = YES;
				CLANG_WARN_DIRECT_OBJC_ISA_USAGE = YES_ERROR;
				CLANG_WARN_DOCUMENTATION_COMMENTS = YES;
				CLANG_WARN_EMPTY_BODY = YES;
				CLANG_WARN_ENUM_CONVERSION = YES;
				CLANG_WARN_INFINITE_RECURSION = YES;
				CLANG_WARN_INT_CONVERSION = YES;
				CLANG_WARN_NON_LITERAL_NULL_CONVERSION = YES;
				CLANG_WARN_OBJC_IMPLICIT_RETAIN_SELF = YES;
				CLANG_WARN_OBJC_LITERAL_CONVERSION = YES;
				CLANG_WARN_OBJC_ROOT_CLASS = YES_ERROR;
				CLANG_WARN_RANGE_LOOP_ANALYSIS = YES;
				CLANG_WARN_STRICT_PROTOTYPES = YES;
				CLANG_WARN_SUSPICIOUS_MOVE = YES;
				CLANG_WARN_UNGUARDED_AVAILABILITY = YES_AGGRESSIVE;
				CLANG_WARN_UNREACHABLE_CODE = YES;
				CLANG_WARN__DUPLICATE_METHOD_MATCH = YES;
				CODE_SIGN_IDENTITY = "iPhone Developer";
				COPY_PHASE_STRIP = NO;
				DEBUG_INFORMATION_FORMAT = dwarf;
				ENABLE_STRICT_OBJC_MSGSEND = YES;
				ENABLE_TESTABILITY = YES;
				GCC_C_LANGUAGE_STANDARD = gnu11;
				GCC_DYNAMIC_NO_PIC = NO;
				GCC_NO_COMMON_BLOCKS = YES;
				GCC_OPTIMIZATION_LEVEL = 0;
				GCC_PREPROCESSOR_DEFINITIONS = (
					"DEBUG=1",
					"$(inherited)",
				);
				GCC_WARN_64_TO_32_BIT_CONVERSION = YES;
				GCC_WARN_ABOUT_RETURN_TYPE = YES_ERROR;
				GCC_WARN_UNDECLARED_SELECTOR = YES;
				GCC_WARN_UNINITIALIZED_AUTOS = YES_AGGRESSIVE;
				GCC_WARN_UNUSED_FUNCTION = YES;
				GCC_WARN_UNUSED_VARIABLE = YES;
				IPHONEOS_DEPLOYMENT_TARGET = 12.0;
				MTL_ENABLE_DEBUG_INFO = INCLUDE_SOURCE;
				MTL_FAST_MATH = YES;
				ONLY_ACTIVE_ARCH = YES;
				SDKROOT = iphoneos;
				SWIFT_ACTIVE_COMPILATION_CONDITIONS = DEBUG;
				SWIFT_OPTIMIZATION_LEVEL = "-Onone";
			};
			name = Debug;
		};
		DDE5DA3D2180FB6D00B65AFA /* Release */ = {
			isa = XCBuildConfiguration;
			buildSettings = {
				ALWAYS_SEARCH_USER_PATHS = NO;
				CLANG_ANALYZER_NONNULL = YES;
				CLANG_ANALYZER_NUMBER_OBJECT_CONVERSION = YES_AGGRESSIVE;
				CLANG_CXX_LANGUAGE_STANDARD = "gnu++14";
				CLANG_CXX_LIBRARY = "libc++";
				CLANG_ENABLE_MODULES = YES;
				CLANG_ENABLE_OBJC_ARC = YES;
				CLANG_ENABLE_OBJC_WEAK = YES;
				CLANG_WARN_BLOCK_CAPTURE_AUTORELEASING = YES;
				CLANG_WARN_BOOL_CONVERSION = YES;
				CLANG_WARN_COMMA = YES;
				CLANG_WARN_CONSTANT_CONVERSION = YES;
				CLANG_WARN_DEPRECATED_OBJC_IMPLEMENTATIONS = YES;
				CLANG_WARN_DIRECT_OBJC_ISA_USAGE = YES_ERROR;
				CLANG_WARN_DOCUMENTATION_COMMENTS = YES;
				CLANG_WARN_EMPTY_BODY = YES;
				CLANG_WARN_ENUM_CONVERSION = YES;
				CLANG_WARN_INFINITE_RECURSION = YES;
				CLANG_WARN_INT_CONVERSION = YES;
				CLANG_WARN_NON_LITERAL_NULL_CONVERSION = YES;
				CLANG_WARN_OBJC_IMPLICIT_RETAIN_SELF = YES;
				CLANG_WARN_OBJC_LITERAL_CONVERSION = YES;
				CLANG_WARN_OBJC_ROOT_CLASS = YES_ERROR;
				CLANG_WARN_RANGE_LOOP_ANALYSIS = YES;
				CLANG_WARN_STRICT_PROTOTYPES = YES;
				CLANG_WARN_SUSPICIOUS_MOVE = YES;
				CLANG_WARN_UNGUARDED_AVAILABILITY = YES_AGGRESSIVE;
				CLANG_WARN_UNREACHABLE_CODE = YES;
				CLANG_WARN__DUPLICATE_METHOD_MATCH = YES;
				CODE_SIGN_IDENTITY = "iPhone Developer";
				COPY_PHASE_STRIP = NO;
				DEBUG_INFORMATION_FORMAT = "dwarf-with-dsym";
				ENABLE_NS_ASSERTIONS = NO;
				ENABLE_STRICT_OBJC_MSGSEND = YES;
				GCC_C_LANGUAGE_STANDARD = gnu11;
				GCC_NO_COMMON_BLOCKS = YES;
				GCC_WARN_64_TO_32_BIT_CONVERSION = YES;
				GCC_WARN_ABOUT_RETURN_TYPE = YES_ERROR;
				GCC_WARN_UNDECLARED_SELECTOR = YES;
				GCC_WARN_UNINITIALIZED_AUTOS = YES_AGGRESSIVE;
				GCC_WARN_UNUSED_FUNCTION = YES;
				GCC_WARN_UNUSED_VARIABLE = YES;
				IPHONEOS_DEPLOYMENT_TARGET = 12.0;
				MTL_ENABLE_DEBUG_INFO = NO;
				MTL_FAST_MATH = YES;
				SDKROOT = iphoneos;
				SWIFT_COMPILATION_MODE = wholemodule;
				SWIFT_OPTIMIZATION_LEVEL = "-O";
				VALIDATE_PRODUCT = YES;
			};
			name = Release;
		};
		DDE5DA3F2180FB6D00B65AFA /* Debug */ = {
			isa = XCBuildConfiguration;
			buildSettings = {
				ASSETCATALOG_COMPILER_APPICON_NAME = AppIcon;
				CODE_SIGN_STYLE = Automatic;
				DEVELOPMENT_TEAM = PC8ABW3R5C;
				INFOPLIST_FILE = iOSTest/Info.plist;
				LD_RUNPATH_SEARCH_PATHS = (
					"$(inherited)",
					"@executable_path/Frameworks",
				);
				PRODUCT_BUNDLE_IDENTIFIER = "Vadim-Komisarchik.iOSTest";
				PRODUCT_NAME = "$(TARGET_NAME)";
				SWIFT_VERSION = 4.2;
				TARGETED_DEVICE_FAMILY = "1,2";
			};
			name = Debug;
		};
		DDE5DA402180FB6D00B65AFA /* Release */ = {
			isa = XCBuildConfiguration;
			buildSettings = {
				ASSETCATALOG_COMPILER_APPICON_NAME = AppIcon;
				CODE_SIGN_STYLE = Automatic;
				DEVELOPMENT_TEAM = PC8ABW3R5C;
				INFOPLIST_FILE = iOSTest/Info.plist;
				LD_RUNPATH_SEARCH_PATHS = (
					"$(inherited)",
					"@executable_path/Frameworks",
				);
				PRODUCT_BUNDLE_IDENTIFIER = "Vadim-Komisarchik.iOSTest";
				PRODUCT_NAME = "$(TARGET_NAME)";
				SWIFT_VERSION = 4.2;
				TARGETED_DEVICE_FAMILY = "1,2";
			};
			name = Release;
		};
		DDE5DA422180FB6D00B65AFA /* Debug */ = {
			isa = XCBuildConfiguration;
			buildSettings = {
				ALWAYS_EMBED_SWIFT_STANDARD_LIBRARIES = YES;
				BUNDLE_LOADER = "$(TEST_HOST)";
				CODE_SIGN_STYLE = Automatic;
				DEVELOPMENT_TEAM = PC8ABW3R5C;
				INFOPLIST_FILE = iOSTestTests/Info.plist;
				LD_RUNPATH_SEARCH_PATHS = (
					"$(inherited)",
					"@executable_path/Frameworks",
					"@loader_path/Frameworks",
				);
				PRODUCT_BUNDLE_IDENTIFIER = "Vadim-Komisarchik.iOSTestTests";
				PRODUCT_NAME = "$(TARGET_NAME)";
				SWIFT_VERSION = 4.2;
				TARGETED_DEVICE_FAMILY = "1,2";
				TEST_HOST = "$(BUILT_PRODUCTS_DIR)/iOSTest.app/iOSTest";
			};
			name = Debug;
		};
		DDE5DA432180FB6D00B65AFA /* Release */ = {
			isa = XCBuildConfiguration;
			buildSettings = {
				ALWAYS_EMBED_SWIFT_STANDARD_LIBRARIES = YES;
				BUNDLE_LOADER = "$(TEST_HOST)";
				CODE_SIGN_STYLE = Automatic;
				DEVELOPMENT_TEAM = PC8ABW3R5C;
				INFOPLIST_FILE = iOSTestTests/Info.plist;
				LD_RUNPATH_SEARCH_PATHS = (
					"$(inherited)",
					"@executable_path/Frameworks",
					"@loader_path/Frameworks",
				);
				PRODUCT_BUNDLE_IDENTIFIER = "Vadim-Komisarchik.iOSTestTests";
				PRODUCT_NAME = "$(TARGET_NAME)";
				SWIFT_VERSION = 4.2;
				TARGETED_DEVICE_FAMILY = "1,2";
				TEST_HOST = "$(BUILT_PRODUCTS_DIR)/iOSTest.app/iOSTest";
			};
			name = Release;
		};
/* End XCBuildConfiguration section */

/* Begin XCConfigurationList section */
		DDE5DA1C2180FB6B00B65AFA /* Build configuration list for PBXProject "iOSTest" */ = {
			isa = XCConfigurationList;
			buildConfigurations = (
				DDE5DA3C2180FB6D00B65AFA /* Debug */,
				DDE5DA3D2180FB6D00B65AFA /* Release */,
			);
			defaultConfigurationIsVisible = 0;
			defaultConfigurationName = Release;
		};
		DDE5DA3E2180FB6D00B65AFA /* Build configuration list for PBXNativeTarget "iOSTest" */ = {
			isa = XCConfigurationList;
			buildConfigurations = (
				DDE5DA3F2180FB6D00B65AFA /* Debug */,
				DDE5DA402180FB6D00B65AFA /* Release */,
			);
			defaultConfigurationIsVisible = 0;
			defaultConfigurationName = Release;
		};
		DDE5DA412180FB6D00B65AFA /* Build configuration list for PBXNativeTarget "iOSTestTests" */ = {
			isa = XCConfigurationList;
			buildConfigurations = (
				DDE5DA422180FB6D00B65AFA /* Debug */,
				DDE5DA432180FB6D00B65AFA /* Release */,
			);
			defaultConfigurationIsVisible = 0;
			defaultConfigurationName = Release;
		};
/* End XCConfigurationList section */
	};
	rootObject = DDE5DA192180FB6B00B65AFA /* Project object */;
}
